// !$*UTF8*$!
{
	archiveVersion = 1;
	classes = {
	};
	objectVersion = 55;
	objects = {

/* Begin PBXBuildFile section */
		5CB3347A27A5713D00A91F68 /* AppDelegate.swift in Sources */ = {isa = PBXBuildFile; fileRef = 5CB3347927A5713D00A91F68 /* AppDelegate.swift */; };
		5CB3347C27A5713D00A91F68 /* SceneDelegate.swift in Sources */ = {isa = PBXBuildFile; fileRef = 5CB3347B27A5713D00A91F68 /* SceneDelegate.swift */; };
		5CB3347E27A5713D00A91F68 /* ViewController.swift in Sources */ = {isa = PBXBuildFile; fileRef = 5CB3347D27A5713D00A91F68 /* ViewController.swift */; };
		5CB3348127A5713D00A91F68 /* Main.storyboard in Resources */ = {isa = PBXBuildFile; fileRef = 5CB3347F27A5713D00A91F68 /* Main.storyboard */; };
		5CB3348327A5713E00A91F68 /* Assets.xcassets in Resources */ = {isa = PBXBuildFile; fileRef = 5CB3348227A5713E00A91F68 /* Assets.xcassets */; };
		5CB3348627A5713E00A91F68 /* LaunchScreen.storyboard in Resources */ = {isa = PBXBuildFile; fileRef = 5CB3348427A5713E00A91F68 /* LaunchScreen.storyboard */; };
		5CB3349127A5713E00A91F68 /* ProgrammingStartTests.swift in Sources */ = {isa = PBXBuildFile; fileRef = 5CB3349027A5713E00A91F68 /* ProgrammingStartTests.swift */; };
		5CB3349B27A5713E00A91F68 /* ProgrammingStartUITests.swift in Sources */ = {isa = PBXBuildFile; fileRef = 5CB3349A27A5713E00A91F68 /* ProgrammingStartUITests.swift */; };
		5CB3349D27A5713E00A91F68 /* ProgrammingStartUITestsLaunchTests.swift in Sources */ = {isa = PBXBuildFile; fileRef = 5CB3349C27A5713E00A91F68 /* ProgrammingStartUITestsLaunchTests.swift */; };
/* End PBXBuildFile section */

/* Begin PBXContainerItemProxy section */
		5CB3348D27A5713E00A91F68 /* PBXContainerItemProxy */ = {
			isa = PBXContainerItemProxy;
			containerPortal = 5CB3346E27A5713D00A91F68 /* Project object */;
			proxyType = 1;
			remoteGlobalIDString = 5CB3347527A5713D00A91F68;
			remoteInfo = ProgrammingStart;
		};
		5CB3349727A5713E00A91F68 /* PBXContainerItemProxy */ = {
			isa = PBXContainerItemProxy;
			containerPortal = 5CB3346E27A5713D00A91F68 /* Project object */;
			proxyType = 1;
			remoteGlobalIDString = 5CB3347527A5713D00A91F68;
			remoteInfo = ProgrammingStart;
		};
/* End PBXContainerItemProxy section */

/* Begin PBXFileReference section */
		5CB3347627A5713D00A91F68 /* ProgrammingStart.app */ = {isa = PBXFileReference; explicitFileType = wrapper.application; includeInIndex = 0; path = ProgrammingStart.app; sourceTree = BUILT_PRODUCTS_DIR; };
		5CB3347927A5713D00A91F68 /* AppDelegate.swift */ = {isa = PBXFileReference; lastKnownFileType = sourcecode.swift; path = AppDelegate.swift; sourceTree = "<group>"; };
		5CB3347B27A5713D00A91F68 /* SceneDelegate.swift */ = {isa = PBXFileReference; lastKnownFileType = sourcecode.swift; path = SceneDelegate.swift; sourceTree = "<group>"; };
		5CB3347D27A5713D00A91F68 /* ViewController.swift */ = {isa = PBXFileReference; lastKnownFileType = sourcecode.swift; path = ViewController.swift; sourceTree = "<group>"; };
		5CB3348027A5713D00A91F68 /* Base */ = {isa = PBXFileReference; lastKnownFileType = file.storyboard; name = Base; path = Base.lproj/Main.storyboard; sourceTree = "<group>"; };
		5CB3348227A5713E00A91F68 /* Assets.xcassets */ = {isa = PBXFileReference; lastKnownFileType = folder.assetcatalog; path = Assets.xcassets; sourceTree = "<group>"; };
		5CB3348527A5713E00A91F68 /* Base */ = {isa = PBXFileReference; lastKnownFileType = file.storyboard; name = Base; path = Base.lproj/LaunchScreen.storyboard; sourceTree = "<group>"; };
		5CB3348727A5713E00A91F68 /* Info.plist */ = {isa = PBXFileReference; lastKnownFileType = text.plist.xml; path = Info.plist; sourceTree = "<group>"; };
		5CB3348C27A5713E00A91F68 /* ProgrammingStartTests.xctest */ = {isa = PBXFileReference; explicitFileType = wrapper.cfbundle; includeInIndex = 0; path = ProgrammingStartTests.xctest; sourceTree = BUILT_PRODUCTS_DIR; };
		5CB3349027A5713E00A91F68 /* ProgrammingStartTests.swift */ = {isa = PBXFileReference; lastKnownFileType = sourcecode.swift; path = ProgrammingStartTests.swift; sourceTree = "<group>"; };
		5CB3349627A5713E00A91F68 /* ProgrammingStartUITests.xctest */ = {isa = PBXFileReference; explicitFileType = wrapper.cfbundle; includeInIndex = 0; path = ProgrammingStartUITests.xctest; sourceTree = BUILT_PRODUCTS_DIR; };
		5CB3349A27A5713E00A91F68 /* ProgrammingStartUITests.swift */ = {isa = PBXFileReference; lastKnownFileType = sourcecode.swift; path = ProgrammingStartUITests.swift; sourceTree = "<group>"; };
		5CB3349C27A5713E00A91F68 /* ProgrammingStartUITestsLaunchTests.swift */ = {isa = PBXFileReference; lastKnownFileType = sourcecode.swift; path = ProgrammingStartUITestsLaunchTests.swift; sourceTree = "<group>"; };
/* End PBXFileReference section */

/* Begin PBXFrameworksBuildPhase section */
		5CB3347327A5713D00A91F68 /* Frameworks */ = {
			isa = PBXFrameworksBuildPhase;
			buildActionMask = 2147483647;
			files = (
			);
			runOnlyForDeploymentPostprocessing = 0;
		};
		5CB3348927A5713E00A91F68 /* Frameworks */ = {
			isa = PBXFrameworksBuildPhase;
			buildActionMask = 2147483647;
			files = (
			);
			runOnlyForDeploymentPostprocessing = 0;
		};
		5CB3349327A5713E00A91F68 /* Frameworks */ = {
			isa = PBXFrameworksBuildPhase;
			buildActionMask = 2147483647;
			files = (
			);
			runOnlyForDeploymentPostprocessing = 0;
		};
/* End PBXFrameworksBuildPhase section */

/* Begin PBXGroup section */
		5CB3346D27A5713D00A91F68 = {
			isa = PBXGroup;
			children = (
				5CB3347827A5713D00A91F68 /* ProgrammingStart */,
				5CB3348F27A5713E00A91F68 /* ProgrammingStartTests */,
				5CB3349927A5713E00A91F68 /* ProgrammingStartUITests */,
				5CB3347727A5713D00A91F68 /* Products */,
			);
			sourceTree = "<group>";
		};
		5CB3347727A5713D00A91F68 /* Products */ = {
			isa = PBXGroup;
			children = (
				5CB3347627A5713D00A91F68 /* ProgrammingStart.app */,
				5CB3348C27A5713E00A91F68 /* ProgrammingStartTests.xctest */,
				5CB3349627A5713E00A91F68 /* ProgrammingStartUITests.xctest */,
			);
			name = Products;
			sourceTree = "<group>";
		};
		5CB3347827A5713D00A91F68 /* ProgrammingStart */ = {
			isa = PBXGroup;
			children = (
				5CB3347927A5713D00A91F68 /* AppDelegate.swift */,
				5CB3347B27A5713D00A91F68 /* SceneDelegate.swift */,
				5CB3347D27A5713D00A91F68 /* ViewController.swift */,
				5CB3347F27A5713D00A91F68 /* Main.storyboard */,
				5CB3348227A5713E00A91F68 /* Assets.xcassets */,
				5CB3348427A5713E00A91F68 /* LaunchScreen.storyboard */,
				5CB3348727A5713E00A91F68 /* Info.plist */,
			);
			path = ProgrammingStart;
			sourceTree = "<group>";
		};
		5CB3348F27A5713E00A91F68 /* ProgrammingStartTests */ = {
			isa = PBXGroup;
			children = (
				5CB3349027A5713E00A91F68 /* ProgrammingStartTests.swift */,
			);
			path = ProgrammingStartTests;
			sourceTree = "<group>";
		};
		5CB3349927A5713E00A91F68 /* ProgrammingStartUITests */ = {
			isa = PBXGroup;
			children = (
				5CB3349A27A5713E00A91F68 /* ProgrammingStartUITests.swift */,
				5CB3349C27A5713E00A91F68 /* ProgrammingStartUITestsLaunchTests.swift */,
			);
			path = ProgrammingStartUITests;
			sourceTree = "<group>";
		};
/* End PBXGroup section */

/* Begin PBXNativeTarget section */
		5CB3347527A5713D00A91F68 /* ProgrammingStart */ = {
			isa = PBXNativeTarget;
			buildConfigurationList = 5CB334A027A5713E00A91F68 /* Build configuration list for PBXNativeTarget "ProgrammingStart" */;
			buildPhases = (
				5CB3347227A5713D00A91F68 /* Sources */,
				5CB3347327A5713D00A91F68 /* Frameworks */,
				5CB3347427A5713D00A91F68 /* Resources */,
			);
			buildRules = (
			);
			dependencies = (
			);
			name = ProgrammingStart;
			productName = ProgrammingStart;
			productReference = 5CB3347627A5713D00A91F68 /* ProgrammingStart.app */;
			productType = "com.apple.product-type.application";
		};
		5CB3348B27A5713E00A91F68 /* ProgrammingStartTests */ = {
			isa = PBXNativeTarget;
			buildConfigurationList = 5CB334A327A5713E00A91F68 /* Build configuration list for PBXNativeTarget "ProgrammingStartTests" */;
			buildPhases = (
				5CB3348827A5713E00A91F68 /* Sources */,
				5CB3348927A5713E00A91F68 /* Frameworks */,
				5CB3348A27A5713E00A91F68 /* Resources */,
			);
			buildRules = (
			);
			dependencies = (
				5CB3348E27A5713E00A91F68 /* PBXTargetDependency */,
			);
			name = ProgrammingStartTests;
			productName = ProgrammingStartTests;
			productReference = 5CB3348C27A5713E00A91F68 /* ProgrammingStartTests.xctest */;
			productType = "com.apple.product-type.bundle.unit-test";
		};
		5CB3349527A5713E00A91F68 /* ProgrammingStartUITests */ = {
			isa = PBXNativeTarget;
			buildConfigurationList = 5CB334A627A5713E00A91F68 /* Build configuration list for PBXNativeTarget "ProgrammingStartUITests" */;
			buildPhases = (
				5CB3349227A5713E00A91F68 /* Sources */,
				5CB3349327A5713E00A91F68 /* Frameworks */,
				5CB3349427A5713E00A91F68 /* Resources */,
			);
			buildRules = (
			);
			dependencies = (
				5CB3349827A5713E00A91F68 /* PBXTargetDependency */,
			);
			name = ProgrammingStartUITests;
			productName = ProgrammingStartUITests;
			productReference = 5CB3349627A5713E00A91F68 /* ProgrammingStartUITests.xctest */;
			productType = "com.apple.product-type.bundle.ui-testing";
		};
/* End PBXNativeTarget section */

/* Begin PBXProject section */
		5CB3346E27A5713D00A91F68 /* Project object */ = {
			isa = PBXProject;
			attributes = {
				BuildIndependentTargetsInParallel = 1;
				LastSwiftUpdateCheck = 1320;
				LastUpgradeCheck = 1320;
				TargetAttributes = {
					5CB3347527A5713D00A91F68 = {
						CreatedOnToolsVersion = 13.2.1;
					};
					5CB3348B27A5713E00A91F68 = {
						CreatedOnToolsVersion = 13.2.1;
						TestTargetID = 5CB3347527A5713D00A91F68;
					};
					5CB3349527A5713E00A91F68 = {
						CreatedOnToolsVersion = 13.2.1;
						TestTargetID = 5CB3347527A5713D00A91F68;
					};
				};
			};
			buildConfigurationList = 5CB3347127A5713D00A91F68 /* Build configuration list for PBXProject "ProgrammingStart" */;
			compatibilityVersion = "Xcode 13.0";
			developmentRegion = en;
			hasScannedForEncodings = 0;
			knownRegions = (
				en,
				Base,
			);
			mainGroup = 5CB3346D27A5713D00A91F68;
			productRefGroup = 5CB3347727A5713D00A91F68 /* Products */;
			projectDirPath = "";
			projectRoot = "";
			targets = (
				5CB3347527A5713D00A91F68 /* ProgrammingStart */,
				5CB3348B27A5713E00A91F68 /* ProgrammingStartTests */,
				5CB3349527A5713E00A91F68 /* ProgrammingStartUITests */,
			);
		};
/* End PBXProject section */

/* Begin PBXResourcesBuildPhase section */
		5CB3347427A5713D00A91F68 /* Resources */ = {
			isa = PBXResourcesBuildPhase;
			buildActionMask = 2147483647;
			files = (
				5CB3348627A5713E00A91F68 /* LaunchScreen.storyboard in Resources */,
				5CB3348327A5713E00A91F68 /* Assets.xcassets in Resources */,
				5CB3348127A5713D00A91F68 /* Main.storyboard in Resources */,
			);
			runOnlyForDeploymentPostprocessing = 0;
		};
		5CB3348A27A5713E00A91F68 /* Resources */ = {
			isa = PBXResourcesBuildPhase;
			buildActionMask = 2147483647;
			files = (
			);
			runOnlyForDeploymentPostprocessing = 0;
		};
		5CB3349427A5713E00A91F68 /* Resources */ = {
			isa = PBXResourcesBuildPhase;
			buildActionMask = 2147483647;
			files = (
			);
			runOnlyForDeploymentPostprocessing = 0;
		};
/* End PBXResourcesBuildPhase section */

/* Begin PBXSourcesBuildPhase section */
		5CB3347227A5713D00A91F68 /* Sources */ = {
			isa = PBXSourcesBuildPhase;
			buildActionMask = 2147483647;
			files = (
				5CB3347E27A5713D00A91F68 /* ViewController.swift in Sources */,
				5CB3347A27A5713D00A91F68 /* AppDelegate.swift in Sources */,
				5CB3347C27A5713D00A91F68 /* SceneDelegate.swift in Sources */,
			);
			runOnlyForDeploymentPostprocessing = 0;
		};
		5CB3348827A5713E00A91F68 /* Sources */ = {
			isa = PBXSourcesBuildPhase;
			buildActionMask = 2147483647;
			files = (
				5CB3349127A5713E00A91F68 /* ProgrammingStartTests.swift in Sources */,
			);
			runOnlyForDeploymentPostprocessing = 0;
		};
		5CB3349227A5713E00A91F68 /* Sources */ = {
			isa = PBXSourcesBuildPhase;
			buildActionMask = 2147483647;
			files = (
				5CB3349B27A5713E00A91F68 /* ProgrammingStartUITests.swift in Sources */,
				5CB3349D27A5713E00A91F68 /* ProgrammingStartUITestsLaunchTests.swift in Sources */,
			);
			runOnlyForDeploymentPostprocessing = 0;
		};
/* End PBXSourcesBuildPhase section */

/* Begin PBXTargetDependency section */
		5CB3348E27A5713E00A91F68 /* PBXTargetDependency */ = {
			isa = PBXTargetDependency;
			target = 5CB3347527A5713D00A91F68 /* ProgrammingStart */;
			targetProxy = 5CB3348D27A5713E00A91F68 /* PBXContainerItemProxy */;
		};
		5CB3349827A5713E00A91F68 /* PBXTargetDependency */ = {
			isa = PBXTargetDependency;
			target = 5CB3347527A5713D00A91F68 /* ProgrammingStart */;
			targetProxy = 5CB3349727A5713E00A91F68 /* PBXContainerItemProxy */;
		};
/* End PBXTargetDependency section */

/* Begin PBXVariantGroup section */
		5CB3347F27A5713D00A91F68 /* Main.storyboard */ = {
			isa = PBXVariantGroup;
			children = (
				5CB3348027A5713D00A91F68 /* Base */,
			);
			name = Main.storyboard;
			sourceTree = "<group>";
		};
		5CB3348427A5713E00A91F68 /* LaunchScreen.storyboard */ = {
			isa = PBXVariantGroup;
			children = (
				5CB3348527A5713E00A91F68 /* Base */,
			);
			name = LaunchScreen.storyboard;
			sourceTree = "<group>";
		};
/* End PBXVariantGroup section */

/* Begin XCBuildConfiguration section */
		5CB3349E27A5713E00A91F68 /* Debug */ = {
			isa = XCBuildConfiguration;
			buildSettings = {
				ALWAYS_SEARCH_USER_PATHS = NO;
				CLANG_ANALYZER_NONNULL = YES;
				CLANG_ANALYZER_NUMBER_OBJECT_CONVERSION = YES_AGGRESSIVE;
				CLANG_CXX_LANGUAGE_STANDARD = "gnu++17";
				CLANG_CXX_LIBRARY = "libc++";
				CLANG_ENABLE_MODULES = YES;
				CLANG_ENABLE_OBJC_ARC = YES;
				CLANG_ENABLE_OBJC_WEAK = YES;
				CLANG_WARN_BLOCK_CAPTURE_AUTORELEASING = YES;
				CLANG_WARN_BOOL_CONVERSION = YES;
				CLANG_WARN_COMMA = YES;
				CLANG_WARN_CONSTANT_CONVERSION = YES;
				CLANG_WARN_DEPRECATED_OBJC_IMPLEMENTATIONS = YES;
				CLANG_WARN_DIRECT_OBJC_ISA_USAGE = YES_ERROR;
				CLANG_WARN_DOCUMENTATION_COMMENTS = YES;
				CLANG_WARN_EMPTY_BODY = YES;
				CLANG_WARN_ENUM_CONVERSION = YES;
				CLANG_WARN_INFINITE_RECURSION = YES;
				CLANG_WARN_INT_CONVERSION = YES;
				CLANG_WARN_NON_LITERAL_NULL_CONVERSION = YES;
				CLANG_WARN_OBJC_IMPLICIT_RETAIN_SELF = YES;
				CLANG_WARN_OBJC_LITERAL_CONVERSION = YES;
				CLANG_WARN_OBJC_ROOT_CLASS = YES_ERROR;
				CLANG_WARN_QUOTED_INCLUDE_IN_FRAMEWORK_HEADER = YES;
				CLANG_WARN_RANGE_LOOP_ANALYSIS = YES;
				CLANG_WARN_STRICT_PROTOTYPES = YES;
				CLANG_WARN_SUSPICIOUS_MOVE = YES;
				CLANG_WARN_UNGUARDED_AVAILABILITY = YES_AGGRESSIVE;
				CLANG_WARN_UNREACHABLE_CODE = YES;
				CLANG_WARN__DUPLICATE_METHOD_MATCH = YES;
				COPY_PHASE_STRIP = NO;
				DEBUG_INFORMATION_FORMAT = dwarf;
				ENABLE_STRICT_OBJC_MSGSEND = YES;
				ENABLE_TESTABILITY = YES;
				GCC_C_LANGUAGE_STANDARD = gnu11;
				GCC_DYNAMIC_NO_PIC = NO;
				GCC_NO_COMMON_BLOCKS = YES;
				GCC_OPTIMIZATION_LEVEL = 0;
				GCC_PREPROCESSOR_DEFINITIONS = (
					"DEBUG=1",
					"$(inherited)",
				);
				GCC_WARN_64_TO_32_BIT_CONVERSION = YES;
				GCC_WARN_ABOUT_RETURN_TYPE = YES_ERROR;
				GCC_WARN_UNDECLARED_SELECTOR = YES;
				GCC_WARN_UNINITIALIZED_AUTOS = YES_AGGRESSIVE;
				GCC_WARN_UNUSED_FUNCTION = YES;
				GCC_WARN_UNUSED_VARIABLE = YES;
				IPHONEOS_DEPLOYMENT_TARGET = 15.2;
				MTL_ENABLE_DEBUG_INFO = INCLUDE_SOURCE;
				MTL_FAST_MATH = YES;
				ONLY_ACTIVE_ARCH = YES;
				SDKROOT = iphoneos;
				SWIFT_ACTIVE_COMPILATION_CONDITIONS = DEBUG;
				SWIFT_OPTIMIZATION_LEVEL = "-Onone";
			};
			name = Debug;
		};
		5CB3349F27A5713E00A91F68 /* Release */ = {
			isa = XCBuildConfiguration;
			buildSettings = {
				ALWAYS_SEARCH_USER_PATHS = NO;
				CLANG_ANALYZER_NONNULL = YES;
				CLANG_ANALYZER_NUMBER_OBJECT_CONVERSION = YES_AGGRESSIVE;
				CLANG_CXX_LANGUAGE_STANDARD = "gnu++17";
				CLANG_CXX_LIBRARY = "libc++";
				CLANG_ENABLE_MODULES = YES;
				CLANG_ENABLE_OBJC_ARC = YES;
				CLANG_ENABLE_OBJC_WEAK = YES;
				CLANG_WARN_BLOCK_CAPTURE_AUTORELEASING = YES;
				CLANG_WARN_BOOL_CONVERSION = YES;
				CLANG_WARN_COMMA = YES;
				CLANG_WARN_CONSTANT_CONVERSION = YES;
				CLANG_WARN_DEPRECATED_OBJC_IMPLEMENTATIONS = YES;
				CLANG_WARN_DIRECT_OBJC_ISA_USAGE = YES_ERROR;
				CLANG_WARN_DOCUMENTATION_COMMENTS = YES;
				CLANG_WARN_EMPTY_BODY = YES;
				CLANG_WARN_ENUM_CONVERSION = YES;
				CLANG_WARN_INFINITE_RECURSION = YES;
				CLANG_WARN_INT_CONVERSION = YES;
				CLANG_WARN_NON_LITERAL_NULL_CONVERSION = YES;
				CLANG_WARN_OBJC_IMPLICIT_RETAIN_SELF = YES;
				CLANG_WARN_OBJC_LITERAL_CONVERSION = YES;
				CLANG_WARN_OBJC_ROOT_CLASS = YES_ERROR;
				CLANG_WARN_QUOTED_INCLUDE_IN_FRAMEWORK_HEADER = YES;
				CLANG_WARN_RANGE_LOOP_ANALYSIS = YES;
				CLANG_WARN_STRICT_PROTOTYPES = YES;
				CLANG_WARN_SUSPICIOUS_MOVE = YES;
				CLANG_WARN_UNGUARDED_AVAILABILITY = YES_AGGRESSIVE;
				CLANG_WARN_UNREACHABLE_CODE = YES;
				CLANG_WARN__DUPLICATE_METHOD_MATCH = YES;
				COPY_PHASE_STRIP = NO;
				DEBUG_INFORMATION_FORMAT = "dwarf-with-dsym";
				ENABLE_NS_ASSERTIONS = NO;
				ENABLE_STRICT_OBJC_MSGSEND = YES;
				GCC_C_LANGUAGE_STANDARD = gnu11;
				GCC_NO_COMMON_BLOCKS = YES;
				GCC_WARN_64_TO_32_BIT_CONVERSION = YES;
				GCC_WARN_ABOUT_RETURN_TYPE = YES_ERROR;
				GCC_WARN_UNDECLARED_SELECTOR = YES;
				GCC_WARN_UNINITIALIZED_AUTOS = YES_AGGRESSIVE;
				GCC_WARN_UNUSED_FUNCTION = YES;
				GCC_WARN_UNUSED_VARIABLE = YES;
				IPHONEOS_DEPLOYMENT_TARGET = 15.2;
				MTL_ENABLE_DEBUG_INFO = NO;
				MTL_FAST_MATH = YES;
				SDKROOT = iphoneos;
				SWIFT_COMPILATION_MODE = wholemodule;
				SWIFT_OPTIMIZATION_LEVEL = "-O";
				VALIDATE_PRODUCT = YES;
			};
			name = Release;
		};
		5CB334A127A5713E00A91F68 /* Debug */ = {
			isa = XCBuildConfiguration;
			buildSettings = {
				ASSETCATALOG_COMPILER_APPICON_NAME = AppIcon;
				ASSETCATALOG_COMPILER_GLOBAL_ACCENT_COLOR_NAME = AccentColor;
				CODE_SIGN_STYLE = Automatic;
				CURRENT_PROJECT_VERSION = 1;
				GENERATE_INFOPLIST_FILE = YES;
				INFOPLIST_FILE = ProgrammingStart/Info.plist;
				INFOPLIST_KEY_UIApplicationSupportsIndirectInputEvents = YES;
				INFOPLIST_KEY_UILaunchStoryboardName = LaunchScreen;
				INFOPLIST_KEY_UIMainStoryboardFile = Main;
				INFOPLIST_KEY_UISupportedInterfaceOrientations_iPad = "UIInterfaceOrientationPortrait UIInterfaceOrientationPortraitUpsideDown UIInterfaceOrientationLandscapeLeft UIInterfaceOrientationLandscapeRight";
				INFOPLIST_KEY_UISupportedInterfaceOrientations_iPhone = "UIInterfaceOrientationPortrait UIInterfaceOrientationLandscapeLeft UIInterfaceOrientationLandscapeRight";
				LD_RUNPATH_SEARCH_PATHS = (
					"$(inherited)",
					"@executable_path/Frameworks",
				);
				MARKETING_VERSION = 1.0;
				PRODUCT_BUNDLE_IDENTIFIER = FirstProject.ProgrammingStart;
				PRODUCT_NAME = "$(TARGET_NAME)";
				SWIFT_EMIT_LOC_STRINGS = YES;
				SWIFT_VERSION = 5.0;
				TARGETED_DEVICE_FAMILY = "1,2";
			};
			name = Debug;
		};
		5CB334A227A5713E00A91F68 /* Release */ = {
			isa = XCBuildConfiguration;
			buildSettings = {
				ASSETCATALOG_COMPILER_APPICON_NAME = AppIcon;
				ASSETCATALOG_COMPILER_GLOBAL_ACCENT_COLOR_NAME = AccentColor;
				CODE_SIGN_STYLE = Automatic;
				CURRENT_PROJECT_VERSION = 1;
				GENERATE_INFOPLIST_FILE = YES;
				INFOPLIST_FILE = ProgrammingStart/Info.plist;
				INFOPLIST_KEY_UIApplicationSupportsIndirectInputEvents = YES;
				INFOPLIST_KEY_UILaunchStoryboardName = LaunchScreen;
				INFOPLIST_KEY_UIMainStoryboardFile = Main;
				INFOPLIST_KEY_UISupportedInterfaceOrientations_iPad = "UIInterfaceOrientationPortrait UIInterfaceOrientationPortraitUpsideDown UIInterfaceOrientationLandscapeLeft UIInterfaceOrientationLandscapeRight";
				INFOPLIST_KEY_UISupportedInterfaceOrientations_iPhone = "UIInterfaceOrientationPortrait UIInterfaceOrientationLandscapeLeft UIInterfaceOrientationLandscapeRight";
				LD_RUNPATH_SEARCH_PATHS = (
					"$(inherited)",
					"@executable_path/Frameworks",
				);
				MARKETING_VERSION = 1.0;
				PRODUCT_BUNDLE_IDENTIFIER = FirstProject.ProgrammingStart;
				PRODUCT_NAME = "$(TARGET_NAME)";
				SWIFT_EMIT_LOC_STRINGS = YES;
				SWIFT_VERSION = 5.0;
				TARGETED_DEVICE_FAMILY = "1,2";
			};
			name = Release;
		};
		5CB334A427A5713E00A91F68 /* Debug */ = {
			isa = XCBuildConfiguration;
			buildSettings = {
				ALWAYS_EMBED_SWIFT_STANDARD_LIBRARIES = YES;
				BUNDLE_LOADER = "$(TEST_HOST)";
				CODE_SIGN_STYLE = Automatic;
				CURRENT_PROJECT_VERSION = 1;
				GENERATE_INFOPLIST_FILE = YES;
				IPHONEOS_DEPLOYMENT_TARGET = 15.2;
				MARKETING_VERSION = 1.0;
				PRODUCT_BUNDLE_IDENTIFIER = FirstProject.ProgrammingStartTests;
				PRODUCT_NAME = "$(TARGET_NAME)";
				SWIFT_EMIT_LOC_STRINGS = NO;
				SWIFT_VERSION = 5.0;
				TARGETED_DEVICE_FAMILY = "1,2";
				TEST_HOST = "$(BUILT_PRODUCTS_DIR)/ProgrammingStart.app/ProgrammingStart";
			};
			name = Debug;
		};
		5CB334A527A5713E00A91F68 /* Release */ = {
			isa = XCBuildConfiguration;
			buildSettings = {
				ALWAYS_EMBED_SWIFT_STANDARD_LIBRARIES = YES;
				BUNDLE_LOADER = "$(TEST_HOST)";
				CODE_SIGN_STYLE = Automatic;
				CURRENT_PROJECT_VERSION = 1;
				GENERATE_INFOPLIST_FILE = YES;
				IPHONEOS_DEPLOYMENT_TARGET = 15.2;
				MARKETING_VERSION = 1.0;
				PRODUCT_BUNDLE_IDENTIFIER = FirstProject.ProgrammingStartTests;
				PRODUCT_NAME = "$(TARGET_NAME)";
				SWIFT_EMIT_LOC_STRINGS = NO;
				SWIFT_VERSION = 5.0;
				TARGETED_DEVICE_FAMILY = "1,2";
				TEST_HOST = "$(BUILT_PRODUCTS_DIR)/ProgrammingStart.app/ProgrammingStart";
			};
			name = Release;
		};
		5CB334A727A5713E00A91F68 /* Debug */ = {
			isa = XCBuildConfiguration;
			buildSettings = {
				ALWAYS_EMBED_SWIFT_STANDARD_LIBRARIES = YES;
				CODE_SIGN_STYLE = Automatic;
				CURRENT_PROJECT_VERSION = 1;
				GENERATE_INFOPLIST_FILE = YES;
				MARKETING_VERSION = 1.0;
				PRODUCT_BUNDLE_IDENTIFIER = FirstProject.ProgrammingStartUITests;
				PRODUCT_NAME = "$(TARGET_NAME)";
				SWIFT_EMIT_LOC_STRINGS = NO;
				SWIFT_VERSION = 5.0;
				TARGETED_DEVICE_FAMILY = "1,2";
				TEST_TARGET_NAME = ProgrammingStart;
			};
			name = Debug;
		};
		5CB334A827A5713E00A91F68 /* Release */ = {
			isa = XCBuildConfiguration;
			buildSettings = {
				ALWAYS_EMBED_SWIFT_STANDARD_LIBRARIES = YES;
				CODE_SIGN_STYLE = Automatic;
				CURRENT_PROJECT_VERSION = 1;
				GENERATE_INFOPLIST_FILE = YES;
				MARKETING_VERSION = 1.0;
				PRODUCT_BUNDLE_IDENTIFIER = FirstProject.ProgrammingStartUITests;
				PRODUCT_NAME = "$(TARGET_NAME)";
				SWIFT_EMIT_LOC_STRINGS = NO;
				SWIFT_VERSION = 5.0;
				TARGETED_DEVICE_FAMILY = "1,2";
				TEST_TARGET_NAME = ProgrammingStart;
			};
			name = Release;
		};
/* End XCBuildConfiguration section */

/* Begin XCConfigurationList section */
		5CB3347127A5713D00A91F68 /* Build configuration list for PBXProject "ProgrammingStart" */ = {
			isa = XCConfigurationList;
			buildConfigurations = (
				5CB3349E27A5713E00A91F68 /* Debug */,
				5CB3349F27A5713E00A91F68 /* Release */,
			);
			defaultConfigurationIsVisible = 0;
			defaultConfigurationName = Release;
		};
		5CB334A027A5713E00A91F68 /* Build configuration list for PBXNativeTarget "ProgrammingStart" */ = {
			isa = XCConfigurationList;
			buildConfigurations = (
				5CB334A127A5713E00A91F68 /* Debug */,
				5CB334A227A5713E00A91F68 /* Release */,
			);
			defaultConfigurationIsVisible = 0;
			defaultConfigurationName = Release;
		};
		5CB334A327A5713E00A91F68 /* Build configuration list for PBXNativeTarget "ProgrammingStartTests" */ = {
			isa = XCConfigurationList;
			buildConfigurations = (
				5CB334A427A5713E00A91F68 /* Debug */,
				5CB334A527A5713E00A91F68 /* Release */,
			);
			defaultConfigurationIsVisible = 0;
			defaultConfigurationName = Release;
		};
		5CB334A627A5713E00A91F68 /* Build configuration list for PBXNativeTarget "ProgrammingStartUITests" */ = {
			isa = XCConfigurationList;
			buildConfigurations = (
				5CB334A727A5713E00A91F68 /* Debug */,
				5CB334A827A5713E00A91F68 /* Release */,
			);
			defaultConfigurationIsVisible = 0;
			defaultConfigurationName = Release;
		};
/* End XCConfigurationList section */
	};
	rootObject = 5CB3346E27A5713D00A91F68 /* Project object */;
}
